// !$*UTF8*$!
{
	archiveVersion = 1;
	classes = {
	};
	objectVersion = 56;
	objects = {

/* Begin PBXBuildFile section */
		B73CD9A32A6ABE7100000EEC /* main.cpp in Sources */ = {isa = PBXBuildFile; fileRef = B73CD9A22A6ABE7100000EEC /* main.cpp */; };
		B73CD9BE2A6ABEE600000EEC /* exercise1.cpp in Sources */ = {isa = PBXBuildFile; fileRef = B73CD9BD2A6ABEE600000EEC /* exercise1.cpp */; };
		B73CD9C92A6ABF8000000EEC /* example2-2.cpp in Sources */ = {isa = PBXBuildFile; fileRef = B73CD9C82A6ABF8000000EEC /* example2-2.cpp */; };
/* End PBXBuildFile section */

/* Begin PBXCopyFilesBuildPhase section */
		B73CD99D2A6ABE7100000EEC /* CopyFiles */ = {
			isa = PBXCopyFilesBuildPhase;
			buildActionMask = 2147483647;
			dstPath = /usr/share/man/man1/;
			dstSubfolderSpec = 0;
			files = (
			);
			runOnlyForDeploymentPostprocessing = 1;
		};
		B73CD9B92A6ABEE600000EEC /* CopyFiles */ = {
			isa = PBXCopyFilesBuildPhase;
			buildActionMask = 2147483647;
			dstPath = /usr/share/man/man1/;
			dstSubfolderSpec = 0;
			files = (
			);
			runOnlyForDeploymentPostprocessing = 1;
		};
		B73CD9C42A6ABF8000000EEC /* CopyFiles */ = {
			isa = PBXCopyFilesBuildPhase;
			buildActionMask = 2147483647;
			dstPath = /usr/share/man/man1/;
			dstSubfolderSpec = 0;
			files = (
			);
			runOnlyForDeploymentPostprocessing = 1;
		};
/* End PBXCopyFilesBuildPhase section */

/* Begin PBXFileReference section */
		B73CD99F2A6ABE7100000EEC /* Chapter2 */ = {isa = PBXFileReference; explicitFileType = "compiled.mach-o.executable"; includeInIndex = 0; path = Chapter2; sourceTree = BUILT_PRODUCTS_DIR; };
		B73CD9A22A6ABE7100000EEC /* main.cpp */ = {isa = PBXFileReference; lastKnownFileType = sourcecode.cpp.cpp; path = main.cpp; sourceTree = "<group>"; };
		B73CD9BB2A6ABEE600000EEC /* exercise1 */ = {isa = PBXFileReference; explicitFileType = "compiled.mach-o.executable"; includeInIndex = 0; path = exercise1; sourceTree = BUILT_PRODUCTS_DIR; };
		B73CD9BD2A6ABEE600000EEC /* exercise1.cpp */ = {isa = PBXFileReference; lastKnownFileType = sourcecode.cpp.cpp; path = exercise1.cpp; sourceTree = "<group>"; };
		B73CD9C62A6ABF8000000EEC /* example2-2 */ = {isa = PBXFileReference; explicitFileType = "compiled.mach-o.executable"; includeInIndex = 0; path = "example2-2"; sourceTree = BUILT_PRODUCTS_DIR; };
		B73CD9C82A6ABF8000000EEC /* example2-2.cpp */ = {isa = PBXFileReference; lastKnownFileType = sourcecode.cpp.cpp; path = "example2-2.cpp"; sourceTree = "<group>"; };
/* End PBXFileReference section */

/* Begin PBXFrameworksBuildPhase section */
		B73CD99C2A6ABE7100000EEC /* Frameworks */ = {
			isa = PBXFrameworksBuildPhase;
			buildActionMask = 2147483647;
			files = (
			);
			runOnlyForDeploymentPostprocessing = 0;
		};
		B73CD9B82A6ABEE600000EEC /* Frameworks */ = {
			isa = PBXFrameworksBuildPhase;
			buildActionMask = 2147483647;
			files = (
			);
			runOnlyForDeploymentPostprocessing = 0;
		};
		B73CD9C32A6ABF8000000EEC /* Frameworks */ = {
			isa = PBXFrameworksBuildPhase;
			buildActionMask = 2147483647;
			files = (
			);
			runOnlyForDeploymentPostprocessing = 0;
		};
/* End PBXFrameworksBuildPhase section */

/* Begin PBXGroup section */
		B73CD9962A6ABE7100000EEC = {
			isa = PBXGroup;
			children = (
				B73CD9A12A6ABE7100000EEC /* Chapter2 */,
				B73CD9A02A6ABE7100000EEC /* Products */,
			);
			sourceTree = "<group>";
		};
		B73CD9A02A6ABE7100000EEC /* Products */ = {
			isa = PBXGroup;
			children = (
				B73CD99F2A6ABE7100000EEC /* Chapter2 */,
				B73CD9BB2A6ABEE600000EEC /* exercise1 */,
				B73CD9C62A6ABF8000000EEC /* example2-2 */,
			);
			name = Products;
			sourceTree = "<group>";
		};
		B73CD9A12A6ABE7100000EEC /* Chapter2 */ = {
			isa = PBXGroup;
			children = (
				B73CD9B62A6ABE9C00000EEC /* Exercises */,
				B73CD9B52A6ABE8700000EEC /* Examples */,
				B73CD9A22A6ABE7100000EEC /* main.cpp */,
			);
			path = Chapter2;
			sourceTree = "<group>";
		};
		B73CD9B52A6ABE8700000EEC /* Examples */ = {
			isa = PBXGroup;
			children = (
				B73CD9C72A6ABF8000000EEC /* example2-2 */,
			);
			path = Examples;
			sourceTree = "<group>";
		};
		B73CD9B62A6ABE9C00000EEC /* Exercises */ = {
			isa = PBXGroup;
			children = (
				B73CD9BC2A6ABEE600000EEC /* exercise1 */,
			);
			path = Exercises;
			sourceTree = "<group>";
		};
		B73CD9BC2A6ABEE600000EEC /* exercise1 */ = {
			isa = PBXGroup;
			children = (
				B73CD9BD2A6ABEE600000EEC /* exercise1.cpp */,
			);
			path = exercise1;
			sourceTree = "<group>";
		};
		B73CD9C72A6ABF8000000EEC /* example2-2 */ = {
			isa = PBXGroup;
			children = (
				B73CD9C82A6ABF8000000EEC /* example2-2.cpp */,
			);
			path = "example2-2";
			sourceTree = "<group>";
		};
/* End PBXGroup section */

/* Begin PBXNativeTarget section */
		B73CD99E2A6ABE7100000EEC /* Chapter2 */ = {
			isa = PBXNativeTarget;
			buildConfigurationList = B73CD9A62A6ABE7100000EEC /* Build configuration list for PBXNativeTarget "Chapter2" */;
			buildPhases = (
				B73CD99B2A6ABE7100000EEC /* Sources */,
				B73CD99C2A6ABE7100000EEC /* Frameworks */,
				B73CD99D2A6ABE7100000EEC /* CopyFiles */,
			);
			buildRules = (
			);
			dependencies = (
			);
			name = Chapter2;
			productName = Chapter2;
			productReference = B73CD99F2A6ABE7100000EEC /* Chapter2 */;
			productType = "com.apple.product-type.tool";
		};
		B73CD9BA2A6ABEE600000EEC /* exercise1 */ = {
			isa = PBXNativeTarget;
			buildConfigurationList = B73CD9BF2A6ABEE600000EEC /* Build configuration list for PBXNativeTarget "exercise1" */;
			buildPhases = (
				B73CD9B72A6ABEE600000EEC /* Sources */,
				B73CD9B82A6ABEE600000EEC /* Frameworks */,
				B73CD9B92A6ABEE600000EEC /* CopyFiles */,
			);
			buildRules = (
			);
			dependencies = (
			);
			name = exercise1;
			productName = exercise1;
			productReference = B73CD9BB2A6ABEE600000EEC /* exercise1 */;
			productType = "com.apple.product-type.tool";
		};
		B73CD9C52A6ABF8000000EEC /* example2-2 */ = {
			isa = PBXNativeTarget;
			buildConfigurationList = B73CD9CA2A6ABF8000000EEC /* Build configuration list for PBXNativeTarget "example2-2" */;
			buildPhases = (
				B73CD9C22A6ABF8000000EEC /* Sources */,
				B73CD9C32A6ABF8000000EEC /* Frameworks */,
				B73CD9C42A6ABF8000000EEC /* CopyFiles */,
			);
			buildRules = (
			);
			dependencies = (
			);
			name = "example2-2";
			productName = "example2-2";
			productReference = B73CD9C62A6ABF8000000EEC /* example2-2 */;
			productType = "com.apple.product-type.tool";
		};
/* End PBXNativeTarget section */

/* Begin PBXProject section */
		B73CD9972A6ABE7100000EEC /* Project object */ = {
			isa = PBXProject;
			attributes = {
				BuildIndependentTargetsInParallel = 1;
				LastUpgradeCheck = 1420;
				TargetAttributes = {
					B73CD99E2A6ABE7100000EEC = {
						CreatedOnToolsVersion = 14.2;
					};
					B73CD9BA2A6ABEE600000EEC = {
						CreatedOnToolsVersion = 14.2;
					};
					B73CD9C52A6ABF8000000EEC = {
						CreatedOnToolsVersion = 14.2;
					};
				};
			};
			buildConfigurationList = B73CD99A2A6ABE7100000EEC /* Build configuration list for PBXProject "Chapter2" */;
			compatibilityVersion = "Xcode 14.0";
			developmentRegion = en;
			hasScannedForEncodings = 0;
			knownRegions = (
				en,
				Base,
			);
			mainGroup = B73CD9962A6ABE7100000EEC;
			productRefGroup = B73CD9A02A6ABE7100000EEC /* Products */;
			projectDirPath = "";
			projectRoot = "";
			targets = (
				B73CD99E2A6ABE7100000EEC /* Chapter2 */,
				B73CD9BA2A6ABEE600000EEC /* exercise1 */,
				B73CD9C52A6ABF8000000EEC /* example2-2 */,
			);
		};
/* End PBXProject section */

/* Begin PBXSourcesBuildPhase section */
		B73CD99B2A6ABE7100000EEC /* Sources */ = {
			isa = PBXSourcesBuildPhase;
			buildActionMask = 2147483647;
			files = (
				B73CD9A32A6ABE7100000EEC /* main.cpp in Sources */,
			);
			runOnlyForDeploymentPostprocessing = 0;
		};
		B73CD9B72A6ABEE600000EEC /* Sources */ = {
			isa = PBXSourcesBuildPhase;
			buildActionMask = 2147483647;
			files = (
				B73CD9BE2A6ABEE600000EEC /* exercise1.cpp in Sources */,
			);
			runOnlyForDeploymentPostprocessing = 0;
		};
		B73CD9C22A6ABF8000000EEC /* Sources */ = {
			isa = PBXSourcesBuildPhase;
			buildActionMask = 2147483647;
			files = (
				B73CD9C92A6ABF8000000EEC /* example2-2.cpp in Sources */,
			);
			runOnlyForDeploymentPostprocessing = 0;
		};
/* End PBXSourcesBuildPhase section */

/* Begin XCBuildConfiguration section */
		B73CD9A42A6ABE7100000EEC /* Debug */ = {
			isa = XCBuildConfiguration;
			buildSettings = {
				ALWAYS_SEARCH_USER_PATHS = NO;
				CLANG_ANALYZER_NONNULL = YES;
				CLANG_ANALYZER_NUMBER_OBJECT_CONVERSION = YES_AGGRESSIVE;
				CLANG_CXX_LANGUAGE_STANDARD = "gnu++20";
				CLANG_ENABLE_MODULES = YES;
				CLANG_ENABLE_OBJC_ARC = YES;
				CLANG_ENABLE_OBJC_WEAK = YES;
				CLANG_WARN_BLOCK_CAPTURE_AUTORELEASING = YES;
				CLANG_WARN_BOOL_CONVERSION = YES;
				CLANG_WARN_COMMA = YES;
				CLANG_WARN_CONSTANT_CONVERSION = YES;
				CLANG_WARN_DEPRECATED_OBJC_IMPLEMENTATIONS = YES;
				CLANG_WARN_DIRECT_OBJC_ISA_USAGE = YES_ERROR;
				CLANG_WARN_DOCUMENTATION_COMMENTS = YES;
				CLANG_WARN_EMPTY_BODY = YES;
				CLANG_WARN_ENUM_CONVERSION = YES;
				CLANG_WARN_INFINITE_RECURSION = YES;
				CLANG_WARN_INT_CONVERSION = YES;
				CLANG_WARN_NON_LITERAL_NULL_CONVERSION = YES;
				CLANG_WARN_OBJC_IMPLICIT_RETAIN_SELF = YES;
				CLANG_WARN_OBJC_LITERAL_CONVERSION = YES;
				CLANG_WARN_OBJC_ROOT_CLASS = YES_ERROR;
				CLANG_WARN_QUOTED_INCLUDE_IN_FRAMEWORK_HEADER = YES;
				CLANG_WARN_RANGE_LOOP_ANALYSIS = YES;
				CLANG_WARN_STRICT_PROTOTYPES = YES;
				CLANG_WARN_SUSPICIOUS_MOVE = YES;
				CLANG_WARN_UNGUARDED_AVAILABILITY = YES_AGGRESSIVE;
				CLANG_WARN_UNREACHABLE_CODE = YES;
				CLANG_WARN__DUPLICATE_METHOD_MATCH = YES;
				COPY_PHASE_STRIP = NO;
				DEBUG_INFORMATION_FORMAT = dwarf;
				ENABLE_STRICT_OBJC_MSGSEND = YES;
				ENABLE_TESTABILITY = YES;
				GCC_C_LANGUAGE_STANDARD = gnu11;
				GCC_DYNAMIC_NO_PIC = NO;
				GCC_NO_COMMON_BLOCKS = YES;
				GCC_OPTIMIZATION_LEVEL = 0;
				GCC_PREPROCESSOR_DEFINITIONS = (
					"DEBUG=1",
					"$(inherited)",
				);
				GCC_WARN_64_TO_32_BIT_CONVERSION = YES;
				GCC_WARN_ABOUT_RETURN_TYPE = YES_ERROR;
				GCC_WARN_UNDECLARED_SELECTOR = YES;
				GCC_WARN_UNINITIALIZED_AUTOS = YES_AGGRESSIVE;
				GCC_WARN_UNUSED_FUNCTION = YES;
				GCC_WARN_UNUSED_VARIABLE = YES;
				MACOSX_DEPLOYMENT_TARGET = 12.6;
				MTL_ENABLE_DEBUG_INFO = INCLUDE_SOURCE;
				MTL_FAST_MATH = YES;
				ONLY_ACTIVE_ARCH = YES;
				SDKROOT = macosx;
			};
			name = Debug;
		};
		B73CD9A52A6ABE7100000EEC /* Release */ = {
			isa = XCBuildConfiguration;
			buildSettings = {
				ALWAYS_SEARCH_USER_PATHS = NO;
				CLANG_ANALYZER_NONNULL = YES;
				CLANG_ANALYZER_NUMBER_OBJECT_CONVERSION = YES_AGGRESSIVE;
				CLANG_CXX_LANGUAGE_STANDARD = "gnu++20";
				CLANG_ENABLE_MODULES = YES;
				CLANG_ENABLE_OBJC_ARC = YES;
				CLANG_ENABLE_OBJC_WEAK = YES;
				CLANG_WARN_BLOCK_CAPTURE_AUTORELEASING = YES;
				CLANG_WARN_BOOL_CONVERSION = YES;
				CLANG_WARN_COMMA = YES;
				CLANG_WARN_CONSTANT_CONVERSION = YES;
				CLANG_WARN_DEPRECATED_OBJC_IMPLEMENTATIONS = YES;
				CLANG_WARN_DIRECT_OBJC_ISA_USAGE = YES_ERROR;
				CLANG_WARN_DOCUMENTATION_COMMENTS = YES;
				CLANG_WARN_EMPTY_BODY = YES;
				CLANG_WARN_ENUM_CONVERSION = YES;
				CLANG_WARN_INFINITE_RECURSION = YES;
				CLANG_WARN_INT_CONVERSION = YES;
				CLANG_WARN_NON_LITERAL_NULL_CONVERSION = YES;
				CLANG_WARN_OBJC_IMPLICIT_RETAIN_SELF = YES;
				CLANG_WARN_OBJC_LITERAL_CONVERSION = YES;
				CLANG_WARN_OBJC_ROOT_CLASS = YES_ERROR;
				CLANG_WARN_QUOTED_INCLUDE_IN_FRAMEWORK_HEADER = YES;
				CLANG_WARN_RANGE_LOOP_ANALYSIS = YES;
				CLANG_WARN_STRICT_PROTOTYPES = YES;
				CLANG_WARN_SUSPICIOUS_MOVE = YES;
				CLANG_WARN_UNGUARDED_AVAILABILITY = YES_AGGRESSIVE;
				CLANG_WARN_UNREACHABLE_CODE = YES;
				CLANG_WARN__DUPLICATE_METHOD_MATCH = YES;
				COPY_PHASE_STRIP = NO;
				DEBUG_INFORMATION_FORMAT = "dwarf-with-dsym";
				ENABLE_NS_ASSERTIONS = NO;
				ENABLE_STRICT_OBJC_MSGSEND = YES;
				GCC_C_LANGUAGE_STANDARD = gnu11;
				GCC_NO_COMMON_BLOCKS = YES;
				GCC_WARN_64_TO_32_BIT_CONVERSION = YES;
				GCC_WARN_ABOUT_RETURN_TYPE = YES_ERROR;
				GCC_WARN_UNDECLARED_SELECTOR = YES;
				GCC_WARN_UNINITIALIZED_AUTOS = YES_AGGRESSIVE;
				GCC_WARN_UNUSED_FUNCTION = YES;
				GCC_WARN_UNUSED_VARIABLE = YES;
				MACOSX_DEPLOYMENT_TARGET = 12.6;
				MTL_ENABLE_DEBUG_INFO = NO;
				MTL_FAST_MATH = YES;
				SDKROOT = macosx;
			};
			name = Release;
		};
		B73CD9A72A6ABE7100000EEC /* Debug */ = {
			isa = XCBuildConfiguration;
			buildSettings = {
				CODE_SIGN_STYLE = Automatic;
				DEVELOPMENT_TEAM = 748MK79K9U;
				ENABLE_HARDENED_RUNTIME = YES;
				PRODUCT_NAME = "$(TARGET_NAME)";
			};
			name = Debug;
		};
		B73CD9A82A6ABE7100000EEC /* Release */ = {
			isa = XCBuildConfiguration;
			buildSettings = {
				CODE_SIGN_STYLE = Automatic;
				DEVELOPMENT_TEAM = 748MK79K9U;
				ENABLE_HARDENED_RUNTIME = YES;
				PRODUCT_NAME = "$(TARGET_NAME)";
			};
			name = Release;
		};
		B73CD9C02A6ABEE600000EEC /* Debug */ = {
			isa = XCBuildConfiguration;
			buildSettings = {
				CODE_SIGN_STYLE = Automatic;
				DEVELOPMENT_TEAM = 748MK79K9U;
				ENABLE_HARDENED_RUNTIME = YES;
				PRODUCT_NAME = "$(TARGET_NAME)";
			};
			name = Debug;
		};
		B73CD9C12A6ABEE600000EEC /* Release */ = {
			isa = XCBuildConfiguration;
			buildSettings = {
				CODE_SIGN_STYLE = Automatic;
				DEVELOPMENT_TEAM = 748MK79K9U;
				ENABLE_HARDENED_RUNTIME = YES;
				PRODUCT_NAME = "$(TARGET_NAME)";
			};
			name = Release;
		};
		B73CD9CB2A6ABF8000000EEC /* Debug */ = {
			isa = XCBuildConfiguration;
			buildSettings = {
				CODE_SIGN_STYLE = Automatic;
				DEVELOPMENT_TEAM = 748MK79K9U;
				ENABLE_HARDENED_RUNTIME = YES;
				PRODUCT_NAME = "$(TARGET_NAME)";
			};
			name = Debug;
		};
		B73CD9CC2A6ABF8000000EEC /* Release */ = {
			isa = XCBuildConfiguration;
			buildSettings = {
				CODE_SIGN_STYLE = Automatic;
				DEVELOPMENT_TEAM = 748MK79K9U;
				ENABLE_HARDENED_RUNTIME = YES;
				PRODUCT_NAME = "$(TARGET_NAME)";
			};
			name = Release;
		};
/* End XCBuildConfiguration section */

/* Begin XCConfigurationList section */
		B73CD99A2A6ABE7100000EEC /* Build configuration list for PBXProject "Chapter2" */ = {
			isa = XCConfigurationList;
			buildConfigurations = (
				B73CD9A42A6ABE7100000EEC /* Debug */,
				B73CD9A52A6ABE7100000EEC /* Release */,
			);
			defaultConfigurationIsVisible = 0;
			defaultConfigurationName = Release;
		};
		B73CD9A62A6ABE7100000EEC /* Build configuration list for PBXNativeTarget "Chapter2" */ = {
			isa = XCConfigurationList;
			buildConfigurations = (
				B73CD9A72A6ABE7100000EEC /* Debug */,
				B73CD9A82A6ABE7100000EEC /* Release */,
			);
			defaultConfigurationIsVisible = 0;
			defaultConfigurationName = Release;
		};
		B73CD9BF2A6ABEE600000EEC /* Build configuration list for PBXNativeTarget "exercise1" */ = {
			isa = XCConfigurationList;
			buildConfigurations = (
				B73CD9C02A6ABEE600000EEC /* Debug */,
				B73CD9C12A6ABEE600000EEC /* Release */,
			);
			defaultConfigurationIsVisible = 0;
			defaultConfigurationName = Release;
		};
		B73CD9CA2A6ABF8000000EEC /* Build configuration list for PBXNativeTarget "example2-2" */ = {
			isa = XCConfigurationList;
			buildConfigurations = (
				B73CD9CB2A6ABF8000000EEC /* Debug */,
				B73CD9CC2A6ABF8000000EEC /* Release */,
			);
			defaultConfigurationIsVisible = 0;
			defaultConfigurationName = Release;
		};
/* End XCConfigurationList section */
	};
	rootObject = B73CD9972A6ABE7100000EEC /* Project object */;
}
